
Microsoft Visual Studio Solution File, Format Version 12.00
# Visual Studio Version 17
VisualStudioVersion = 17.11.35208.52
MinimumVisualStudioVersion = 10.0.40219.1
Project("{FAE04EC0-301F-11D3-BF4B-00C04F79EFBC}") = "HTML_analyser", "HTML_analyser\HTML_analyser.csproj", "{CD8A926E-192B-430F-BE5D-5ED0289EB027}"
EndProject
Global
	GlobalSection(SolutionConfigurationPlatforms) = preSolution
		Debug|Any CPU = Debug|Any CPU
		Release|Any CPU = Release|Any CPU
	EndGlobalSection
	GlobalSection(ProjectConfigurationPlatforms) = postSolution
		{CD8A926E-192B-430F-BE5D-5ED0289EB027}.Debug|Any CPU.ActiveCfg = Debug|Any CPU
		{CD8A926E-192B-430F-BE5D-5ED0289EB027}.Debug|Any CPU.Build.0 = Debug|Any CPU
		{CD8A926E-192B-430F-BE5D-5ED0289EB027}.Release|Any CPU.ActiveCfg = Release|Any CPU
		{CD8A926E-192B-430F-BE5D-5ED0289EB027}.Release|Any CPU.Build.0 = Release|Any CPU
	EndGlobalSection
	GlobalSection(SolutionProperties) = preSolution
		HideSolutionNode = FALSE
	EndGlobalSection
	GlobalSection(ExtensibilityGlobals) = postSolution
		SolutionGuid = {9CB56011-AD2A-4F50-812C-5F1ED6E84050}
	EndGlobalSection
EndGlobal
